
Microsoft Visual Studio Solution File, Format Version 12.00
# Visual Studio Version 16
VisualStudioVersion = 16.0.29609.76
MinimumVisualStudioVersion = 10.0.40219.1
Project("{FAE04EC0-301F-11D3-BF4B-00C04F79EFBC}") = "SocketLib", "SocketLib\SocketLib.csproj", "{4B0ED0FC-F53C-48BF-8929-FF2DF3806488}"
EndProject
Project("{FAE04EC0-301F-11D3-BF4B-00C04F79EFBC}") = "FileManager", "FileManager\FileManager.csproj", "{46D7C694-E27D-4168-851F-BA544C36E698}"
	ProjectSection(ProjectDependencies) = postProject
		{4B0ED0FC-F53C-48BF-8929-FF2DF3806488} = {4B0ED0FC-F53C-48BF-8929-FF2DF3806488}
	EndProjectSection
EndProject
Project("{FAE04EC0-301F-11D3-BF4B-00C04F79EFBC}") = "FileManagerServer", "ServerForm\FileManagerServer.csproj", "{EC21A1A8-DB28-4041-987D-8F23E572722F}"
EndProject
Project("{FAE04EC0-301F-11D3-BF4B-00C04F79EFBC}") = "StatusReporter", "StatusReporter\StatusReporter.csproj", "{A85D392E-B45B-4CE1-BFCD-2E49A885C5B7}"
EndProject
Global
	GlobalSection(SolutionConfigurationPlatforms) = preSolution
		Debug|Any CPU = Debug|Any CPU
		Release|Any CPU = Release|Any CPU
	EndGlobalSection
	GlobalSection(ProjectConfigurationPlatforms) = postSolution
		{4B0ED0FC-F53C-48BF-8929-FF2DF3806488}.Debug|Any CPU.ActiveCfg = Debug|Any CPU
		{4B0ED0FC-F53C-48BF-8929-FF2DF3806488}.Debug|Any CPU.Build.0 = Debug|Any CPU
		{4B0ED0FC-F53C-48BF-8929-FF2DF3806488}.Release|Any CPU.ActiveCfg = Release|Any CPU
		{4B0ED0FC-F53C-48BF-8929-FF2DF3806488}.Release|Any CPU.Build.0 = Release|Any CPU
		{46D7C694-E27D-4168-851F-BA544C36E698}.Debug|Any CPU.ActiveCfg = Debug|Any CPU
		{46D7C694-E27D-4168-851F-BA544C36E698}.Debug|Any CPU.Build.0 = Debug|Any CPU
		{46D7C694-E27D-4168-851F-BA544C36E698}.Release|Any CPU.ActiveCfg = Release|Any CPU
		{46D7C694-E27D-4168-851F-BA544C36E698}.Release|Any CPU.Build.0 = Release|Any CPU
		{EC21A1A8-DB28-4041-987D-8F23E572722F}.Debug|Any CPU.ActiveCfg = Debug|Any CPU
		{EC21A1A8-DB28-4041-987D-8F23E572722F}.Debug|Any CPU.Build.0 = Debug|Any CPU
		{EC21A1A8-DB28-4041-987D-8F23E572722F}.Release|Any CPU.ActiveCfg = Release|Any CPU
		{EC21A1A8-DB28-4041-987D-8F23E572722F}.Release|Any CPU.Build.0 = Release|Any CPU
		{A85D392E-B45B-4CE1-BFCD-2E49A885C5B7}.Debug|Any CPU.ActiveCfg = Debug|Any CPU
		{A85D392E-B45B-4CE1-BFCD-2E49A885C5B7}.Debug|Any CPU.Build.0 = Debug|Any CPU
		{A85D392E-B45B-4CE1-BFCD-2E49A885C5B7}.Release|Any CPU.ActiveCfg = Release|Any CPU
		{A85D392E-B45B-4CE1-BFCD-2E49A885C5B7}.Release|Any CPU.Build.0 = Release|Any CPU
	EndGlobalSection
	GlobalSection(SolutionProperties) = preSolution
		HideSolutionNode = FALSE
	EndGlobalSection
	GlobalSection(ExtensibilityGlobals) = postSolution
		SolutionGuid = {AF43EE32-16A0-487D-BCA0-E8876571E96A}
	EndGlobalSection
EndGlobal
